
Microsoft Visual Studio Solution File, Format Version 10.00
# Visual Studio 2008
Project("{8BC9CEB8-8B4A-11D0-8D11-00A0C91BC942}") = "s_w project", "s_w project\s_w project.vcproj", "{6BFC0B06-8966-4542-A779-9164053E4955}"
EndProject
Global
	GlobalSection(SolutionConfigurationPlatforms) = preSolution
		Debug|Win32 = Debug|Win32
		Release|Win32 = Release|Win32
	EndGlobalSection
	GlobalSection(ProjectConfigurationPlatforms) = postSolution
		{6BFC0B06-8966-4542-A779-9164053E4955}.Debug|Win32.ActiveCfg = Debug|Win32
		{6BFC0B06-8966-4542-A779-9164053E4955}.Debug|Win32.Build.0 = Debug|Win32
		{6BFC0B06-8966-4542-A779-9164053E4955}.Release|Win32.ActiveCfg = Release|Win32
		{6BFC0B06-8966-4542-A779-9164053E4955}.Release|Win32.Build.0 = Release|Win32
	EndGlobalSection
	GlobalSection(SolutionProperties) = preSolution
		HideSolutionNode = FALSE
	EndGlobalSection
EndGlobal
